
Microsoft Visual Studio Solution File, Format Version 12.00
# Visual Studio Version 17
VisualStudioVersion = 17.0.31912.275
MinimumVisualStudioVersion = 10.0.40219.1
Project("{9A19103F-16F7-4668-BE54-9A1E7A4F7556}") = "Wallet", "Wallet\Wallet.csproj", "{54AE7474-E35B-4876-9AC2-316BDC2BAF13}"
EndProject
Project("{9A19103F-16F7-4668-BE54-9A1E7A4F7556}") = "Wallet.Tests", "Wallet.Tests\Wallet.Tests.csproj", "{B1CB1D75-B36E-48CD-B0D4-DA158F70F904}"
EndProject
Project("{2150E333-8FDC-42A3-9474-1A3956D46DE8}") = "Solution Items", "Solution Items", "{6B1AF21E-E092-481B-972C-3198C4171CDE}"
	ProjectSection(SolutionItems) = preProject
		.editorconfig = .editorconfig
		nuget.config = nuget.config
	EndProjectSection
EndProject
Global
	GlobalSection(SolutionConfigurationPlatforms) = preSolution
		Debug|Any CPU = Debug|Any CPU
		Release|Any CPU = Release|Any CPU
	EndGlobalSection
	GlobalSection(ProjectConfigurationPlatforms) = postSolution
		{54AE7474-E35B-4876-9AC2-316BDC2BAF13}.Debug|Any CPU.ActiveCfg = Debug|Any CPU
		{54AE7474-E35B-4876-9AC2-316BDC2BAF13}.Debug|Any CPU.Build.0 = Debug|Any CPU
		{54AE7474-E35B-4876-9AC2-316BDC2BAF13}.Release|Any CPU.ActiveCfg = Release|Any CPU
		{54AE7474-E35B-4876-9AC2-316BDC2BAF13}.Release|Any CPU.Build.0 = Release|Any CPU
		{B1CB1D75-B36E-48CD-B0D4-DA158F70F904}.Debug|Any CPU.ActiveCfg = Debug|Any CPU
		{B1CB1D75-B36E-48CD-B0D4-DA158F70F904}.Debug|Any CPU.Build.0 = Debug|Any CPU
		{B1CB1D75-B36E-48CD-B0D4-DA158F70F904}.Release|Any CPU.ActiveCfg = Release|Any CPU
		{B1CB1D75-B36E-48CD-B0D4-DA158F70F904}.Release|Any CPU.Build.0 = Release|Any CPU
	EndGlobalSection
	GlobalSection(SolutionProperties) = preSolution
		HideSolutionNode = FALSE
	EndGlobalSection
	GlobalSection(ExtensibilityGlobals) = postSolution
		SolutionGuid = {A1904B30-E029-47CB-BF70-C998AE535325}
	EndGlobalSection
EndGlobal
